<?xml version="1.0" encoding="utf-8"?>
<Project ToolsVersion="4.0" xmlns="http://schemas.microsoft.com/developer/msbuild/2003">
  <ItemGroup>
    <Filter Include="OOP">
      <UniqueIdentifier>{f5c72653-5c73-4cbe-8403-21a491172f9e}</UniqueIdentifier>
    </Filter>
    <Filter Include="Point">
      <UniqueIdentifier>{4ff2dbe5-206e-4501-8cfd-2a84496b9784}</UniqueIdentifier>
    </Filter>
  </ItemGroup>
  <ItemGroup>
    <ClCompile Include="main_point.cpp">
      <Filter>OOP</Filter>
    </ClCompile>
    <ClCompile Include="point.cpp">
      <Filter>Point</Filter>
    </ClCompile>
  </ItemGroup>
  <ItemGroup>
    <ClInclude Include="point.h">
      <Filter>Point</Filter>
    </ClInclude>
  </ItemGroup>
</Project>